// !$*UTF8*$!
{
	archiveVersion = 1;
	classes = {
	};
	objectVersion = 46;
	objects = {

/* Begin PBXBuildFile section */
		083A1E2E206CDAE10000D6B2 /* comments.json in Resources */ = {isa = PBXBuildFile; fileRef = 083A1E2D206CDAE10000D6B2 /* comments.json */; };
		083A1E31206CDBAF0000D6B2 /* PodFile in Resources */ = {isa = PBXBuildFile; fileRef = 083A1E30206CDBAF0000D6B2 /* PodFile */; };
		08A347DD20721C0600C63150 /* AuthorQuotesViewController.swift in Sources */ = {isa = PBXBuildFile; fileRef = 08A347DB20721C0600C63150 /* AuthorQuotesViewController.swift */; };
		08A347DE20721C0600C63150 /* AuthorQuotesViewController.xib in Resources */ = {isa = PBXBuildFile; fileRef = 08A347DC20721C0600C63150 /* AuthorQuotesViewController.xib */; };
		08A40179206CCBC200D902DF /* AppDelegate.swift in Sources */ = {isa = PBXBuildFile; fileRef = 08A40178206CCBC200D902DF /* AppDelegate.swift */; };
		08A4017B206CCBC200D902DF /* ViewController.swift in Sources */ = {isa = PBXBuildFile; fileRef = 08A4017A206CCBC200D902DF /* ViewController.swift */; };
		08A4017E206CCBC200D902DF /* Main.storyboard in Resources */ = {isa = PBXBuildFile; fileRef = 08A4017C206CCBC200D902DF /* Main.storyboard */; };
		08A40180206CCBC200D902DF /* Assets.xcassets in Resources */ = {isa = PBXBuildFile; fileRef = 08A4017F206CCBC200D902DF /* Assets.xcassets */; };
		08A40183206CCBC200D902DF /* LaunchScreen.storyboard in Resources */ = {isa = PBXBuildFile; fileRef = 08A40181206CCBC200D902DF /* LaunchScreen.storyboard */; };
		08A4018C206CCEEB00D902DF /* Data.swift in Sources */ = {isa = PBXBuildFile; fileRef = 08A4018B206CCEEB00D902DF /* Data.swift */; };
		340DE24A2601626730ADD649 /* Pods_Pquotes.framework in Frameworks */ = {isa = PBXBuildFile; fileRef = 87297BB3B24C65E182E8FA30 /* Pods_Pquotes.framework */; };
		6E4A481620FDAF5800E05FAD /* PBack.jpg in Resources */ = {isa = PBXBuildFile; fileRef = 6E4A481120FDAF5800E05FAD /* PBack.jpg */; };
		6E4A481820FDC8BE00E05FAD /* PQuotes.png in Resources */ = {isa = PBXBuildFile; fileRef = 6E4A481720FDC8BE00E05FAD /* PQuotes.png */; };
		6E4DEE0820F8E78700D82EDC /* back.png in Resources */ = {isa = PBXBuildFile; fileRef = 6E4DEE0720F8E78700D82EDC /* back.png */; };
		6E62987A20F611F10087EBB1 /* Cassandra Personal Use.ttf in Resources */ = {isa = PBXBuildFile; fileRef = 6E62987920F611F10087EBB1 /* Cassandra Personal Use.ttf */; };
		6E62987C20F612160087EBB1 /* Amsterdam Personal Use.ttf in Resources */ = {isa = PBXBuildFile; fileRef = 6E62987B20F612160087EBB1 /* Amsterdam Personal Use.ttf */; };
		6E62987F20F612360087EBB1 /* Beautiful People Personal Use.ttf in Resources */ = {isa = PBXBuildFile; fileRef = 6E62987D20F612350087EBB1 /* Beautiful People Personal Use.ttf */; };
		6E62988020F612360087EBB1 /* Beautiful People two Personal Use.ttf in Resources */ = {isa = PBXBuildFile; fileRef = 6E62987E20F612360087EBB1 /* Beautiful People two Personal Use.ttf */; };
		6E825E8220F62463003692A2 /* favourite.png in Resources */ = {isa = PBXBuildFile; fileRef = 6E825E8120F62462003692A2 /* favourite.png */; };
		6E9CB07D20FC7F3B00743345 /* WikipediaKit.framework in Frameworks */ = {isa = PBXBuildFile; fileRef = 6E9CB07620FC7EEE00743345 /* WikipediaKit.framework */; };
		6E9CB07E20FC7F5100743345 /* WikipediaKit.framework in Frameworks */ = {isa = PBXBuildFile; fileRef = 6E9CB07620FC7EEE00743345 /* WikipediaKit.framework */; };
		6E9CB07F20FC7F5100743345 /* WikipediaKit.framework in Embed Frameworks */ = {isa = PBXBuildFile; fileRef = 6E9CB07620FC7EEE00743345 /* WikipediaKit.framework */; settings = {ATTRIBUTES = (CodeSignOnCopy, RemoveHeadersOnCopy, ); }; };
		6EA69EAA20F7533700490CF8 /* FavouritesViewController.swift in Sources */ = {isa = PBXBuildFile; fileRef = 6EA69EA920F7533700490CF8 /* FavouritesViewController.swift */; };
		6EA69EAC20F778A200490CF8 /* FavouriteQuotesTableViewCell.swift in Sources */ = {isa = PBXBuildFile; fileRef = 6EA69EAB20F778A200490CF8 /* FavouriteQuotesTableViewCell.swift */; };
		6EAFAD1220F4E61100CFBEDC /* CommentsViewController.swift in Sources */ = {isa = PBXBuildFile; fileRef = 6EAFAD1120F4E61100CFBEDC /* CommentsViewController.swift */; };
/* End PBXBuildFile section */

/* Begin PBXContainerItemProxy section */
		6E9CB07320FC7EEE00743345 /* PBXContainerItemProxy */ = {
			isa = PBXContainerItemProxy;
			containerPortal = 6E9CB06B20FC7EEE00743345 /* WikipediaKit.xcodeproj */;
			proxyType = 2;
			remoteGlobalIDString = 27E365081E81757500F39F78;
			remoteInfo = "WikipediaKit-macOS";
		};
		6E9CB07520FC7EEE00743345 /* PBXContainerItemProxy */ = {
			isa = PBXContainerItemProxy;
			containerPortal = 6E9CB06B20FC7EEE00743345 /* WikipediaKit.xcodeproj */;
			proxyType = 2;
			remoteGlobalIDString = 27E365471E81AC6A00F39F78;
			remoteInfo = "WikipediaKit-iOS";
		};
		6E9CB07720FC7EEE00743345 /* PBXContainerItemProxy */ = {
			isa = PBXContainerItemProxy;
			containerPortal = 6E9CB06B20FC7EEE00743345 /* WikipediaKit.xcodeproj */;
			proxyType = 2;
			remoteGlobalIDString = 27E3658A1E81C95D00F39F78;
			remoteInfo = "WikipediaKit-watchOS";
		};
		6E9CB07920FC7EEE00743345 /* PBXContainerItemProxy */ = {
			isa = PBXContainerItemProxy;
			containerPortal = 6E9CB06B20FC7EEE00743345 /* WikipediaKit.xcodeproj */;
			proxyType = 2;
			remoteGlobalIDString = 27E365AC1E81C9E300F39F78;
			remoteInfo = "WikipediaKit-tvOS";
		};
		6E9CB07B20FC7EEE00743345 /* PBXContainerItemProxy */ = {
			isa = PBXContainerItemProxy;
			containerPortal = 6E9CB06B20FC7EEE00743345 /* WikipediaKit.xcodeproj */;
			proxyType = 2;
			remoteGlobalIDString = 274EFCDD1EB899E90047428B;
			remoteInfo = WikipediaKitTests;
		};
		6E9CB08020FC7F5100743345 /* PBXContainerItemProxy */ = {
			isa = PBXContainerItemProxy;
			containerPortal = 6E9CB06B20FC7EEE00743345 /* WikipediaKit.xcodeproj */;
			proxyType = 1;
			remoteGlobalIDString = 27E365461E81AC6A00F39F78;
			remoteInfo = "WikipediaKit-iOS";
		};
/* End PBXContainerItemProxy section */

/* Begin PBXCopyFilesBuildPhase section */
		6E9CB08220FC7F5200743345 /* Embed Frameworks */ = {
			isa = PBXCopyFilesBuildPhase;
			buildActionMask = 2147483647;
			dstPath = "";
			dstSubfolderSpec = 10;
			files = (
				6E9CB07F20FC7F5100743345 /* WikipediaKit.framework in Embed Frameworks */,
			);
			name = "Embed Frameworks";
			runOnlyForDeploymentPostprocessing = 0;
		};
/* End PBXCopyFilesBuildPhase section */

/* Begin PBXFileReference section */
		083A1E2D206CDAE10000D6B2 /* comments.json */ = {isa = PBXFileReference; fileEncoding = 4; lastKnownFileType = text.json; path = comments.json; sourceTree = "<group>"; };
		083A1E30206CDBAF0000D6B2 /* PodFile */ = {isa = PBXFileReference; fileEncoding = 4; lastKnownFileType = text; path = PodFile; sourceTree = "<group>"; xcLanguageSpecificationIdentifier = xcode.lang.ruby; };
		08A347DB20721C0600C63150 /* AuthorQuotesViewController.swift */ = {isa = PBXFileReference; fileEncoding = 4; lastKnownFileType = sourcecode.swift; path = AuthorQuotesViewController.swift; sourceTree = "<group>"; };
		08A347DC20721C0600C63150 /* AuthorQuotesViewController.xib */ = {isa = PBXFileReference; fileEncoding = 4; lastKnownFileType = file.xib; path = AuthorQuotesViewController.xib; sourceTree = "<group>"; };
		08A40175206CCBC200D902DF /* Pquotes.app */ = {isa = PBXFileReference; explicitFileType = wrapper.application; includeInIndex = 0; path = Pquotes.app; sourceTree = BUILT_PRODUCTS_DIR; };
		08A40178206CCBC200D902DF /* AppDelegate.swift */ = {isa = PBXFileReference; lastKnownFileType = sourcecode.swift; path = AppDelegate.swift; sourceTree = "<group>"; };
		08A4017A206CCBC200D902DF /* ViewController.swift */ = {isa = PBXFileReference; lastKnownFileType = sourcecode.swift; path = ViewController.swift; sourceTree = "<group>"; };
		08A4017D206CCBC200D902DF /* Base */ = {isa = PBXFileReference; lastKnownFileType = file.storyboard; name = Base; path = Base.lproj/Main.storyboard; sourceTree = "<group>"; };
		08A4017F206CCBC200D902DF /* Assets.xcassets */ = {isa = PBXFileReference; lastKnownFileType = folder.assetcatalog; path = Assets.xcassets; sourceTree = "<group>"; };
		08A40182206CCBC200D902DF /* Base */ = {isa = PBXFileReference; lastKnownFileType = file.storyboard; name = Base; path = Base.lproj/LaunchScreen.storyboard; sourceTree = "<group>"; };
		08A40184206CCBC200D902DF /* Info.plist */ = {isa = PBXFileReference; lastKnownFileType = text.plist.xml; path = Info.plist; sourceTree = "<group>"; };
		08A4018B206CCEEB00D902DF /* Data.swift */ = {isa = PBXFileReference; fileEncoding = 4; lastKnownFileType = sourcecode.swift; path = Data.swift; sourceTree = "<group>"; };
		69B17A618A0DA02D9984C4BD /* Pods-Pquotes.release.xcconfig */ = {isa = PBXFileReference; includeInIndex = 1; lastKnownFileType = text.xcconfig; name = "Pods-Pquotes.release.xcconfig"; path = "Pods/Target Support Files/Pods-Pquotes/Pods-Pquotes.release.xcconfig"; sourceTree = "<group>"; };
		6E4A481120FDAF5800E05FAD /* PBack.jpg */ = {isa = PBXFileReference; lastKnownFileType = image.jpeg; path = PBack.jpg; sourceTree = "<group>"; };
		6E4A481720FDC8BE00E05FAD /* PQuotes.png */ = {isa = PBXFileReference; lastKnownFileType = image.png; path = PQuotes.png; sourceTree = "<group>"; };
		6E4DEE0720F8E78700D82EDC /* back.png */ = {isa = PBXFileReference; lastKnownFileType = image.png; path = back.png; sourceTree = "<group>"; };
		6E62987920F611F10087EBB1 /* Cassandra Personal Use.ttf */ = {isa = PBXFileReference; lastKnownFileType = file; path = "Cassandra Personal Use.ttf"; sourceTree = "<group>"; };
		6E62987B20F612160087EBB1 /* Amsterdam Personal Use.ttf */ = {isa = PBXFileReference; lastKnownFileType = file; path = "Amsterdam Personal Use.ttf"; sourceTree = "<group>"; };
		6E62987D20F612350087EBB1 /* Beautiful People Personal Use.ttf */ = {isa = PBXFileReference; lastKnownFileType = file; path = "Beautiful People Personal Use.ttf"; sourceTree = "<group>"; };
		6E62987E20F612360087EBB1 /* Beautiful People two Personal Use.ttf */ = {isa = PBXFileReference; lastKnownFileType = file; path = "Beautiful People two Personal Use.ttf"; sourceTree = "<group>"; };
		6E825E8120F62462003692A2 /* favourite.png */ = {isa = PBXFileReference; lastKnownFileType = image.png; path = favourite.png; sourceTree = "<group>"; };
		6E9CB06B20FC7EEE00743345 /* WikipediaKit.xcodeproj */ = {isa = PBXFileReference; lastKnownFileType = "wrapper.pb-project"; name = WikipediaKit.xcodeproj; path = "../../Downloads/WikipediaKit-master/WikipediaKit.xcodeproj"; sourceTree = "<group>"; };
		6EA69EA920F7533700490CF8 /* FavouritesViewController.swift */ = {isa = PBXFileReference; lastKnownFileType = sourcecode.swift; path = FavouritesViewController.swift; sourceTree = "<group>"; };
		6EA69EAB20F778A200490CF8 /* FavouriteQuotesTableViewCell.swift */ = {isa = PBXFileReference; lastKnownFileType = sourcecode.swift; path = FavouriteQuotesTableViewCell.swift; sourceTree = "<group>"; };
		6EAFAD1120F4E61100CFBEDC /* CommentsViewController.swift */ = {isa = PBXFileReference; lastKnownFileType = sourcecode.swift; path = CommentsViewController.swift; sourceTree = "<group>"; };
		87297BB3B24C65E182E8FA30 /* Pods_Pquotes.framework */ = {isa = PBXFileReference; explicitFileType = wrapper.framework; includeInIndex = 0; path = Pods_Pquotes.framework; sourceTree = BUILT_PRODUCTS_DIR; };
		9B5EA542275677032B927057 /* Pods-Pquotes.debug.xcconfig */ = {isa = PBXFileReference; includeInIndex = 1; lastKnownFileType = text.xcconfig; name = "Pods-Pquotes.debug.xcconfig"; path = "Pods/Target Support Files/Pods-Pquotes/Pods-Pquotes.debug.xcconfig"; sourceTree = "<group>"; };
/* End PBXFileReference section */

/* Begin PBXFrameworksBuildPhase section */
		08A40172206CCBC200D902DF /* Frameworks */ = {
			isa = PBXFrameworksBuildPhase;
			buildActionMask = 2147483647;
			files = (
				6E9CB07E20FC7F5100743345 /* WikipediaKit.framework in Frameworks */,
				6E9CB07D20FC7F3B00743345 /* WikipediaKit.framework in Frameworks */,
				340DE24A2601626730ADD649 /* Pods_Pquotes.framework in Frameworks */,
			);
			runOnlyForDeploymentPostprocessing = 0;
		};
/* End PBXFrameworksBuildPhase section */

/* Begin PBXGroup section */
		08A4016C206CCBC200D902DF = {
			isa = PBXGroup;
			children = (
				083A1E30206CDBAF0000D6B2 /* PodFile */,
				6E9CB06B20FC7EEE00743345 /* WikipediaKit.xcodeproj */,
				08A40177206CCBC200D902DF /* Pquotes */,
				08A40176206CCBC200D902DF /* Products */,
				1E98799A3EE0EC32E8836D76 /* Pods */,
				18D3B974BDAD12D017BBEEAB /* Frameworks */,
			);
			sourceTree = "<group>";
		};
		08A40176206CCBC200D902DF /* Products */ = {
			isa = PBXGroup;
			children = (
				08A40175206CCBC200D902DF /* Pquotes.app */,
			);
			name = Products;
			sourceTree = "<group>";
		};
		08A40177206CCBC200D902DF /* Pquotes */ = {
			isa = PBXGroup;
			children = (
				08A40178206CCBC200D902DF /* AppDelegate.swift */,
				08A4017A206CCBC200D902DF /* ViewController.swift */,
				08A4017C206CCBC200D902DF /* Main.storyboard */,
				6EA69EAB20F778A200490CF8 /* FavouriteQuotesTableViewCell.swift */,
				6EA69EA920F7533700490CF8 /* FavouritesViewController.swift */,
				6EAFAD1120F4E61100CFBEDC /* CommentsViewController.swift */,
				08A4017F206CCBC200D902DF /* Assets.xcassets */,
				6E4A481720FDC8BE00E05FAD /* PQuotes.png */,
				6E4A481120FDAF5800E05FAD /* PBack.jpg */,
				6E4DEE0720F8E78700D82EDC /* back.png */,
				6E825E8120F62462003692A2 /* favourite.png */,
				6E62987920F611F10087EBB1 /* Cassandra Personal Use.ttf */,
				6E62987D20F612350087EBB1 /* Beautiful People Personal Use.ttf */,
				6E62987E20F612360087EBB1 /* Beautiful People two Personal Use.ttf */,
				6E62987B20F612160087EBB1 /* Amsterdam Personal Use.ttf */,
				08A40181206CCBC200D902DF /* LaunchScreen.storyboard */,
				08A40184206CCBC200D902DF /* Info.plist */,
				08A4018B206CCEEB00D902DF /* Data.swift */,
				083A1E2D206CDAE10000D6B2 /* comments.json */,
				08A347DB20721C0600C63150 /* AuthorQuotesViewController.swift */,
				08A347DC20721C0600C63150 /* AuthorQuotesViewController.xib */,
			);
			path = Pquotes;
			sourceTree = "<group>";
		};
		18D3B974BDAD12D017BBEEAB /* Frameworks */ = {
			isa = PBXGroup;
			children = (
				87297BB3B24C65E182E8FA30 /* Pods_Pquotes.framework */,
			);
			name = Frameworks;
			sourceTree = "<group>";
		};
		1E98799A3EE0EC32E8836D76 /* Pods */ = {
			isa = PBXGroup;
			children = (
				9B5EA542275677032B927057 /* Pods-Pquotes.debug.xcconfig */,
				69B17A618A0DA02D9984C4BD /* Pods-Pquotes.release.xcconfig */,
			);
			name = Pods;
			sourceTree = "<group>";
		};
		6E9CB06C20FC7EEE00743345 /* Products */ = {
			isa = PBXGroup;
			children = (
				6E9CB07420FC7EEE00743345 /* WikipediaKit.framework */,
				6E9CB07620FC7EEE00743345 /* WikipediaKit.framework */,
				6E9CB07820FC7EEE00743345 /* WikipediaKit.framework */,
				6E9CB07A20FC7EEE00743345 /* WikipediaKit.framework */,
				6E9CB07C20FC7EEE00743345 /* WikipediaKitTests.xctest */,
			);
			name = Products;
			sourceTree = "<group>";
		};
/* End PBXGroup section */

/* Begin PBXNativeTarget section */
		08A40174206CCBC200D902DF /* Pquotes */ = {
			isa = PBXNativeTarget;
			buildConfigurationList = 08A40187206CCBC200D902DF /* Build configuration list for PBXNativeTarget "Pquotes" */;
			buildPhases = (
				7C8D58BDF020E012CC79F090 /* [CP] Check Pods Manifest.lock */,
				08A40171206CCBC200D902DF /* Sources */,
				08A40172206CCBC200D902DF /* Frameworks */,
				08A40173206CCBC200D902DF /* Resources */,
				011761600E11310B4B79690C /* [CP] Embed Pods Frameworks */,
				6E9CB08220FC7F5200743345 /* Embed Frameworks */,
			);
			buildRules = (
			);
			dependencies = (
				6E9CB08120FC7F5100743345 /* PBXTargetDependency */,
			);
			name = Pquotes;
			productName = Pquotes;
			productReference = 08A40175206CCBC200D902DF /* Pquotes.app */;
			productType = "com.apple.product-type.application";
		};
/* End PBXNativeTarget section */

/* Begin PBXProject section */
		08A4016D206CCBC200D902DF /* Project object */ = {
			isa = PBXProject;
			attributes = {
				LastSwiftUpdateCheck = 0830;
				LastUpgradeCheck = 0830;
				ORGANIZATIONNAME = "Yaseen Dar";
				TargetAttributes = {
					08A40174206CCBC200D902DF = {
						CreatedOnToolsVersion = 8.3.3;
						ProvisioningStyle = Automatic;
					};
				};
			};
			buildConfigurationList = 08A40170206CCBC200D902DF /* Build configuration list for PBXProject "Pquotes" */;
			compatibilityVersion = "Xcode 3.2";
			developmentRegion = English;
			hasScannedForEncodings = 0;
			knownRegions = (
				en,
				Base,
			);
			mainGroup = 08A4016C206CCBC200D902DF;
			productRefGroup = 08A40176206CCBC200D902DF /* Products */;
			projectDirPath = "";
			projectReferences = (
				{
					ProductGroup = 6E9CB06C20FC7EEE00743345 /* Products */;
					ProjectRef = 6E9CB06B20FC7EEE00743345 /* WikipediaKit.xcodeproj */;
				},
			);
			projectRoot = "";
			targets = (
				08A40174206CCBC200D902DF /* Pquotes */,
			);
		};
/* End PBXProject section */

/* Begin PBXReferenceProxy section */
		6E9CB07420FC7EEE00743345 /* WikipediaKit.framework */ = {
			isa = PBXReferenceProxy;
			fileType = wrapper.framework;
			path = WikipediaKit.framework;
			remoteRef = 6E9CB07320FC7EEE00743345 /* PBXContainerItemProxy */;
			sourceTree = BUILT_PRODUCTS_DIR;
		};
		6E9CB07620FC7EEE00743345 /* WikipediaKit.framework */ = {
			isa = PBXReferenceProxy;
			fileType = wrapper.framework;
			path = WikipediaKit.framework;
			remoteRef = 6E9CB07520FC7EEE00743345 /* PBXContainerItemProxy */;
			sourceTree = BUILT_PRODUCTS_DIR;
		};
		6E9CB07820FC7EEE00743345 /* WikipediaKit.framework */ = {
			isa = PBXReferenceProxy;
			fileType = wrapper.framework;
			path = WikipediaKit.framework;
			remoteRef = 6E9CB07720FC7EEE00743345 /* PBXContainerItemProxy */;
			sourceTree = BUILT_PRODUCTS_DIR;
		};
		6E9CB07A20FC7EEE00743345 /* WikipediaKit.framework */ = {
			isa = PBXReferenceProxy;
			fileType = wrapper.framework;
			path = WikipediaKit.framework;
			remoteRef = 6E9CB07920FC7EEE00743345 /* PBXContainerItemProxy */;
			sourceTree = BUILT_PRODUCTS_DIR;
		};
		6E9CB07C20FC7EEE00743345 /* WikipediaKitTests.xctest */ = {
			isa = PBXReferenceProxy;
			fileType = wrapper.cfbundle;
			path = WikipediaKitTests.xctest;
			remoteRef = 6E9CB07B20FC7EEE00743345 /* PBXContainerItemProxy */;
			sourceTree = BUILT_PRODUCTS_DIR;
		};
/* End PBXReferenceProxy section */

/* Begin PBXResourcesBuildPhase section */
		08A40173206CCBC200D902DF /* Resources */ = {
			isa = PBXResourcesBuildPhase;
			buildActionMask = 2147483647;
			files = (
				083A1E31206CDBAF0000D6B2 /* PodFile in Resources */,
				08A40183206CCBC200D902DF /* LaunchScreen.storyboard in Resources */,
				08A40180206CCBC200D902DF /* Assets.xcassets in Resources */,
				6E4A481820FDC8BE00E05FAD /* PQuotes.png in Resources */,
				08A4017E206CCBC200D902DF /* Main.storyboard in Resources */,
				08A347DE20721C0600C63150 /* AuthorQuotesViewController.xib in Resources */,
				6E4DEE0820F8E78700D82EDC /* back.png in Resources */,
				083A1E2E206CDAE10000D6B2 /* comments.json in Resources */,
				6E825E8220F62463003692A2 /* favourite.png in Resources */,
				6E4A481620FDAF5800E05FAD /* PBack.jpg in Resources */,
				6E62988020F612360087EBB1 /* Beautiful People two Personal Use.ttf in Resources */,
				6E62987C20F612160087EBB1 /* Amsterdam Personal Use.ttf in Resources */,
				6E62987F20F612360087EBB1 /* Beautiful People Personal Use.ttf in Resources */,
				6E62987A20F611F10087EBB1 /* Cassandra Personal Use.ttf in Resources */,
			);
			runOnlyForDeploymentPostprocessing = 0;
		};
/* End PBXResourcesBuildPhase section */

/* Begin PBXShellScriptBuildPhase section */
		011761600E11310B4B79690C /* [CP] Embed Pods Frameworks */ = {
			isa = PBXShellScriptBuildPhase;
			buildActionMask = 2147483647;
			files = (
			);
			inputPaths = (
				"${SRCROOT}/Pods/Target Support Files/Pods-Pquotes/Pods-Pquotes-frameworks.sh",
				"${BUILT_PRODUCTS_DIR}/Floaty/Floaty.framework",
				"${BUILT_PRODUCTS_DIR}/SwiftyJSON/SwiftyJSON.framework",
			);
			name = "[CP] Embed Pods Frameworks";
			outputPaths = (
				"${TARGET_BUILD_DIR}/${FRAMEWORKS_FOLDER_PATH}/Floaty.framework",
				"${TARGET_BUILD_DIR}/${FRAMEWORKS_FOLDER_PATH}/SwiftyJSON.framework",
			);
			runOnlyForDeploymentPostprocessing = 0;
			shellPath = /bin/sh;
			shellScript = "\"${SRCROOT}/Pods/Target Support Files/Pods-Pquotes/Pods-Pquotes-frameworks.sh\"\n";
			showEnvVarsInLog = 0;
		};
		7C8D58BDF020E012CC79F090 /* [CP] Check Pods Manifest.lock */ = {
			isa = PBXShellScriptBuildPhase;
			buildActionMask = 2147483647;
			files = (
			);
			inputPaths = (
				"${PODS_PODFILE_DIR_PATH}/Podfile.lock",
				"${PODS_ROOT}/Manifest.lock",
			);
			name = "[CP] Check Pods Manifest.lock";
			outputPaths = (
				"$(DERIVED_FILE_DIR)/Pods-Pquotes-checkManifestLockResult.txt",
			);
			runOnlyForDeploymentPostprocessing = 0;
			shellPath = /bin/sh;
			shellScript = "diff \"${PODS_PODFILE_DIR_PATH}/Podfile.lock\" \"${PODS_ROOT}/Manifest.lock\" > /dev/null\nif [ $? != 0 ] ; then\n    # print error to STDERR\n    echo \"error: The sandbox is not in sync with the Podfile.lock. Run 'pod install' or update your CocoaPods installation.\" >&2\n    exit 1\nfi\n# This output is used by Xcode 'outputs' to avoid re-running this script phase.\necho \"SUCCESS\" > \"${SCRIPT_OUTPUT_FILE_0}\"\n";
			showEnvVarsInLog = 0;
		};
/* End PBXShellScriptBuildPhase section */

/* Begin PBXSourcesBuildPhase section */
		08A40171206CCBC200D902DF /* Sources */ = {
			isa = PBXSourcesBuildPhase;
			buildActionMask = 2147483647;
			files = (
				6EA69EAA20F7533700490CF8 /* FavouritesViewController.swift in Sources */,
				08A347DD20721C0600C63150 /* AuthorQuotesViewController.swift in Sources */,
				6EA69EAC20F778A200490CF8 /* FavouriteQuotesTableViewCell.swift in Sources */,
				08A4017B206CCBC200D902DF /* ViewController.swift in Sources */,
				08A4018C206CCEEB00D902DF /* Data.swift in Sources */,
				6EAFAD1220F4E61100CFBEDC /* CommentsViewController.swift in Sources */,
				08A40179206CCBC200D902DF /* AppDelegate.swift in Sources */,
			);
			runOnlyForDeploymentPostprocessing = 0;
		};
/* End PBXSourcesBuildPhase section */

/* Begin PBXTargetDependency section */
		6E9CB08120FC7F5100743345 /* PBXTargetDependency */ = {
			isa = PBXTargetDependency;
			name = "WikipediaKit-iOS";
			targetProxy = 6E9CB08020FC7F5100743345 /* PBXContainerItemProxy */;
		};
/* End PBXTargetDependency section */

/* Begin PBXVariantGroup section */
		08A4017C206CCBC200D902DF /* Main.storyboard */ = {
			isa = PBXVariantGroup;
			children = (
				08A4017D206CCBC200D902DF /* Base */,
			);
			name = Main.storyboard;
			sourceTree = "<group>";
		};
		08A40181206CCBC200D902DF /* LaunchScreen.storyboard */ = {
			isa = PBXVariantGroup;
			children = (
				08A40182206CCBC200D902DF /* Base */,
			);
			name = LaunchScreen.storyboard;
			sourceTree = "<group>";
		};
/* End PBXVariantGroup section */

/* Begin XCBuildConfiguration section */
		08A40185206CCBC200D902DF /* Debug */ = {
			isa = XCBuildConfiguration;
			buildSettings = {
				ALWAYS_SEARCH_USER_PATHS = NO;
				CLANG_ANALYZER_NONNULL = YES;
				CLANG_ANALYZER_NUMBER_OBJECT_CONVERSION = YES_AGGRESSIVE;
				CLANG_CXX_LANGUAGE_STANDARD = "gnu++0x";
				CLANG_CXX_LIBRARY = "libc++";
				CLANG_ENABLE_MODULES = YES;
				CLANG_ENABLE_OBJC_ARC = YES;
				CLANG_WARN_BOOL_CONVERSION = YES;
				CLANG_WARN_CONSTANT_CONVERSION = YES;
				CLANG_WARN_DIRECT_OBJC_ISA_USAGE = YES_ERROR;
				CLANG_WARN_DOCUMENTATION_COMMENTS = YES;
				CLANG_WARN_EMPTY_BODY = YES;
				CLANG_WARN_ENUM_CONVERSION = YES;
				CLANG_WARN_INFINITE_RECURSION = YES;
				CLANG_WARN_INT_CONVERSION = YES;
				CLANG_WARN_OBJC_ROOT_CLASS = YES_ERROR;
				CLANG_WARN_SUSPICIOUS_MOVE = YES;
				CLANG_WARN_UNREACHABLE_CODE = YES;
				CLANG_WARN__DUPLICATE_METHOD_MATCH = YES;
				"CODE_SIGN_IDENTITY[sdk=iphoneos*]" = "iPhone Developer";
				COPY_PHASE_STRIP = NO;
				DEBUG_INFORMATION_FORMAT = dwarf;
				ENABLE_STRICT_OBJC_MSGSEND = YES;
				ENABLE_TESTABILITY = YES;
				GCC_C_LANGUAGE_STANDARD = gnu99;
				GCC_DYNAMIC_NO_PIC = NO;
				GCC_NO_COMMON_BLOCKS = YES;
				GCC_OPTIMIZATION_LEVEL = 0;
				GCC_PREPROCESSOR_DEFINITIONS = (
					"DEBUG=1",
					"$(inherited)",
				);
				GCC_WARN_64_TO_32_BIT_CONVERSION = YES;
				GCC_WARN_ABOUT_RETURN_TYPE = YES_ERROR;
				GCC_WARN_UNDECLARED_SELECTOR = YES;
				GCC_WARN_UNINITIALIZED_AUTOS = YES_AGGRESSIVE;
				GCC_WARN_UNUSED_FUNCTION = YES;
				GCC_WARN_UNUSED_VARIABLE = YES;
				IPHONEOS_DEPLOYMENT_TARGET = 10.3;
				MTL_ENABLE_DEBUG_INFO = YES;
				ONLY_ACTIVE_ARCH = YES;
				SDKROOT = iphoneos;
				SWIFT_ACTIVE_COMPILATION_CONDITIONS = DEBUG;
				SWIFT_OPTIMIZATION_LEVEL = "-Onone";
				TARGETED_DEVICE_FAMILY = "1,2";
			};
			name = Debug;
		};
		08A40186206CCBC200D902DF /* Release */ = {
			isa = XCBuildConfiguration;
			buildSettings = {
				ALWAYS_SEARCH_USER_PATHS = NO;
				CLANG_ANALYZER_NONNULL = YES;
				CLANG_ANALYZER_NUMBER_OBJECT_CONVERSION = YES_AGGRESSIVE;
				CLANG_CXX_LANGUAGE_STANDARD = "gnu++0x";
				CLANG_CXX_LIBRARY = "libc++";
				CLANG_ENABLE_MODULES = YES;
				CLANG_ENABLE_OBJC_ARC = YES;
				CLANG_WARN_BOOL_CONVERSION = YES;
				CLANG_WARN_CONSTANT_CONVERSION = YES;
				CLANG_WARN_DIRECT_OBJC_ISA_USAGE = YES_ERROR;
				CLANG_WARN_DOCUMENTATION_COMMENTS = YES;
				CLANG_WARN_EMPTY_BODY = YES;
				CLANG_WARN_ENUM_CONVERSION = YES;
				CLANG_WARN_INFINITE_RECURSION = YES;
				CLANG_WARN_INT_CONVERSION = YES;
				CLANG_WARN_OBJC_ROOT_CLASS = YES_ERROR;
				CLANG_WARN_SUSPICIOUS_MOVE = YES;
				CLANG_WARN_UNREACHABLE_CODE = YES;
				CLANG_WARN__DUPLICATE_METHOD_MATCH = YES;
				"CODE_SIGN_IDENTITY[sdk=iphoneos*]" = "iPhone Developer";
				COPY_PHASE_STRIP = NO;
				DEBUG_INFORMATION_FORMAT = "dwarf-with-dsym";
				ENABLE_NS_ASSERTIONS = NO;
				ENABLE_STRICT_OBJC_MSGSEND = YES;
				GCC_C_LANGUAGE_STANDARD = gnu99;
				GCC_NO_COMMON_BLOCKS = YES;
				GCC_WARN_64_TO_32_BIT_CONVERSION = YES;
				GCC_WARN_ABOUT_RETURN_TYPE = YES_ERROR;
				GCC_WARN_UNDECLARED_SELECTOR = YES;
				GCC_WARN_UNINITIALIZED_AUTOS = YES_AGGRESSIVE;
				GCC_WARN_UNUSED_FUNCTION = YES;
				GCC_WARN_UNUSED_VARIABLE = YES;
				IPHONEOS_DEPLOYMENT_TARGET = 10.3;
				MTL_ENABLE_DEBUG_INFO = NO;
				SDKROOT = iphoneos;
				SWIFT_OPTIMIZATION_LEVEL = "-Owholemodule";
				TARGETED_DEVICE_FAMILY = "1,2";
				VALIDATE_PRODUCT = YES;
			};
			name = Release;
		};
		08A40188206CCBC200D902DF /* Debug */ = {
			isa = XCBuildConfiguration;
			baseConfigurationReference = 9B5EA542275677032B927057 /* Pods-Pquotes.debug.xcconfig */;
			buildSettings = {
				ALWAYS_EMBED_SWIFT_STANDARD_LIBRARIES = YES;
				ASSETCATALOG_COMPILER_APPICON_NAME = AppIcon;
				DEVELOPMENT_TEAM = "";
				INFOPLIST_FILE = Pquotes/Info.plist;
				LD_RUNPATH_SEARCH_PATHS = "$(inherited) @executable_path/Frameworks";
				PRODUCT_BUNDLE_IDENTIFIER = com.yaseen.Pquotes;
				PRODUCT_NAME = "$(TARGET_NAME)";
				SWIFT_VERSION = 3.0;
			};
			name = Debug;
		};
		08A40189206CCBC200D902DF /* Release */ = {
			isa = XCBuildConfiguration;
			baseConfigurationReference = 69B17A618A0DA02D9984C4BD /* Pods-Pquotes.release.xcconfig */;
			buildSettings = {
				ALWAYS_EMBED_SWIFT_STANDARD_LIBRARIES = YES;
				ASSETCATALOG_COMPILER_APPICON_NAME = AppIcon;
				DEVELOPMENT_TEAM = "";
				INFOPLIST_FILE = Pquotes/Info.plist;
				LD_RUNPATH_SEARCH_PATHS = "$(inherited) @executable_path/Frameworks";
				PRODUCT_BUNDLE_IDENTIFIER = com.yaseen.Pquotes;
				PRODUCT_NAME = "$(TARGET_NAME)";
				SWIFT_VERSION = 3.0;
			};
			name = Release;
		};
/* End XCBuildConfiguration section */

/* Begin XCConfigurationList section */
		08A40170206CCBC200D902DF /* Build configuration list for PBXProject "Pquotes" */ = {
			isa = XCConfigurationList;
			buildConfigurations = (
				08A40185206CCBC200D902DF /* Debug */,
				08A40186206CCBC200D902DF /* Release */,
			);
			defaultConfigurationIsVisible = 0;
			defaultConfigurationName = Release;
		};
		08A40187206CCBC200D902DF /* Build configuration list for PBXNativeTarget "Pquotes" */ = {
			isa = XCConfigurationList;
			buildConfigurations = (
				08A40188206CCBC200D902DF /* Debug */,
				08A40189206CCBC200D902DF /* Release */,
			);
			defaultConfigurationIsVisible = 0;
			defaultConfigurationName = Release;
		};
/* End XCConfigurationList section */
	};
	rootObject = 08A4016D206CCBC200D902DF /* Project object */;
}
